PODS:
  - Nimble (8.0.1)
  - Quick (2.1.0)
  - RRemoteConfig (1.0.0)

DEPENDENCIES:
  - Nimble
  - Quick
  - RRemoteConfig (from `./RRemoteConfig.podspec`)

SPEC REPOS:
  trunk:
    - Nimble
    - Quick

EXTERNAL SOURCES:
  RRemoteConfig:
    :path: "./RRemoteConfig.podspec"

SPEC CHECKSUMS:
  Nimble: 45f786ae66faa9a709624227fae502db55a8bdd0
  Quick: 4be43f6634acfa727dd106bdf3929ce125ffa79d
  RRemoteConfig: 1ac19c32c349550cc262e2a98d0144b9d876aea6

PODFILE CHECKSUM: e88f55521c1dbf47a6fbcf77718a9b780a875fae

COCOAPODS: 1.9.3
