PODS:
  - RRemoteConfig (0.0.1)

DEPENDENCIES:
  - RRemoteConfig (from `./RRemoteConfig.podspec`)

EXTERNAL SOURCES:
  RRemoteConfig:
    :path: "./RRemoteConfig.podspec"

SPEC CHECKSUMS:
  RRemoteConfig: ecd7a2a05255047c5475a6aa363e300e4576d9a5

PODFILE CHECKSUM: 888d78b7a6fcf7c8365cea3df83e18f55a10124a

COCOAPODS: 1.6.1
