PODS:
  - Nimble (8.0.1)
  - Quick (2.1.0)
  - RRemoteConfig (1.0.0)

DEPENDENCIES:
  - Nimble
  - Quick
  - RRemoteConfig (from `./RRemoteConfig.podspec`)

SPEC REPOS:
  https://github.com/CocoaPods/Specs.git:
    - Nimble
    - Quick

EXTERNAL SOURCES:
  RRemoteConfig:
    :path: "./RRemoteConfig.podspec"

SPEC CHECKSUMS:
  Nimble: 45f786ae66faa9a709624227fae502db55a8bdd0
  Quick: 4be43f6634acfa727dd106bdf3929ce125ffa79d
  RRemoteConfig: 1ac19c32c349550cc262e2a98d0144b9d876aea6

PODFILE CHECKSUM: 1046c0078aa49254b1d3f058652b15ce93dcda12

COCOAPODS: 1.8.4
